
Microsoft Visual Studio Solution File, Format Version 12.00
# Visual Studio Version 17
VisualStudioVersion = 17.5.33424.131
MinimumVisualStudioVersion = 10.0.40219.1
Project("{2150E333-8FDC-42A3-9474-1A3956D46DE8}") = "Shop", "Shop", "{CBC35FC3-A776-49AD-947B-BD59EDCE4685}"
EndProject
Project("{9A19103F-16F7-4668-BE54-9A1E7A4F7556}") = "Shop.Domain", "Shop\Shop.Domain\Shop.Domain.csproj", "{8F2820C4-E9DC-446F-8D7A-BAE13ACF798E}"
EndProject
Project("{9A19103F-16F7-4668-BE54-9A1E7A4F7556}") = "Shop.Config", "Shop\Shop.Config\Shop.Config.csproj", "{91515705-AA4C-4EA1-A94B-C9B214F0DBB9}"
EndProject
Project("{9A19103F-16F7-4668-BE54-9A1E7A4F7556}") = "Shop.Application", "Shop\Shop.Application\Shop.Application.csproj", "{E1566064-6812-46E2-A42A-7092D50694BF}"
EndProject
Project("{2150E333-8FDC-42A3-9474-1A3956D46DE8}") = "Common", "Common", "{C673D051-BE51-40C3-8182-6CEC80A83B34}"
EndProject
Project("{9A19103F-16F7-4668-BE54-9A1E7A4F7556}") = "Common.Domain", "Common\Common.Domain\Common.Domain.csproj", "{0DF9AA27-9C11-44C7-BC52-4A689301E341}"
EndProject
Project("{9A19103F-16F7-4668-BE54-9A1E7A4F7556}") = "Common.Application", "Common\Common.Application\Common.Application.csproj", "{A1FD8BB3-9562-4945-9547-0BBB27A6957F}"
EndProject
Project("{9A19103F-16F7-4668-BE54-9A1E7A4F7556}") = "Shop.Infrastructure", "Shop\Shop.Infrastructure\Shop.Infrastructure.csproj", "{DFF78CF3-C1A6-40D7-B24A-7861F67A63B3}"
EndProject
Project("{9A19103F-16F7-4668-BE54-9A1E7A4F7556}") = "Shop.Query", "Shop\Shop.Query\Shop.Query.csproj", "{E67DD252-7D8E-41C4-9E59-00FA193E34F6}"
EndProject
Project("{9A19103F-16F7-4668-BE54-9A1E7A4F7556}") = "Common.Query", "Common\Common.Query\Common.Query.csproj", "{7E7D47E9-CCD0-49DC-AEF1-4124B6C6C530}"
EndProject
Project("{2150E333-8FDC-42A3-9474-1A3956D46DE8}") = "EndPoints", "EndPoints", "{D5E7BA19-C175-467E-84AF-AF6027461DBE}"
EndProject
Project("{FAE04EC0-301F-11D3-BF4B-00C04F79EFBC}") = "Shop.Presentation.Facade", "Shop\Shop.Presentation.Facade\Shop.Presentation.Facade.csproj", "{87718521-311C-43EA-804A-10FD889D5157}"
EndProject
Project("{FAE04EC0-301F-11D3-BF4B-00C04F79EFBC}") = "Shop.Api", "Shop\EndPoints\Shop.Api\Shop.Api.csproj", "{6ED2C21B-3AE2-4563-AAFB-2DC38CA29523}"
EndProject
Global
	GlobalSection(SolutionConfigurationPlatforms) = preSolution
		Debug|Any CPU = Debug|Any CPU
		Release|Any CPU = Release|Any CPU
	EndGlobalSection
	GlobalSection(ProjectConfigurationPlatforms) = postSolution
		{8F2820C4-E9DC-446F-8D7A-BAE13ACF798E}.Debug|Any CPU.ActiveCfg = Debug|Any CPU
		{8F2820C4-E9DC-446F-8D7A-BAE13ACF798E}.Debug|Any CPU.Build.0 = Debug|Any CPU
		{8F2820C4-E9DC-446F-8D7A-BAE13ACF798E}.Release|Any CPU.ActiveCfg = Release|Any CPU
		{8F2820C4-E9DC-446F-8D7A-BAE13ACF798E}.Release|Any CPU.Build.0 = Release|Any CPU
		{91515705-AA4C-4EA1-A94B-C9B214F0DBB9}.Debug|Any CPU.ActiveCfg = Debug|Any CPU
		{91515705-AA4C-4EA1-A94B-C9B214F0DBB9}.Debug|Any CPU.Build.0 = Debug|Any CPU
		{91515705-AA4C-4EA1-A94B-C9B214F0DBB9}.Release|Any CPU.ActiveCfg = Release|Any CPU
		{91515705-AA4C-4EA1-A94B-C9B214F0DBB9}.Release|Any CPU.Build.0 = Release|Any CPU
		{E1566064-6812-46E2-A42A-7092D50694BF}.Debug|Any CPU.ActiveCfg = Debug|Any CPU
		{E1566064-6812-46E2-A42A-7092D50694BF}.Debug|Any CPU.Build.0 = Debug|Any CPU
		{E1566064-6812-46E2-A42A-7092D50694BF}.Release|Any CPU.ActiveCfg = Release|Any CPU
		{E1566064-6812-46E2-A42A-7092D50694BF}.Release|Any CPU.Build.0 = Release|Any CPU
		{0DF9AA27-9C11-44C7-BC52-4A689301E341}.Debug|Any CPU.ActiveCfg = Debug|Any CPU
		{0DF9AA27-9C11-44C7-BC52-4A689301E341}.Debug|Any CPU.Build.0 = Debug|Any CPU
		{0DF9AA27-9C11-44C7-BC52-4A689301E341}.Release|Any CPU.ActiveCfg = Release|Any CPU
		{0DF9AA27-9C11-44C7-BC52-4A689301E341}.Release|Any CPU.Build.0 = Release|Any CPU
		{A1FD8BB3-9562-4945-9547-0BBB27A6957F}.Debug|Any CPU.ActiveCfg = Debug|Any CPU
		{A1FD8BB3-9562-4945-9547-0BBB27A6957F}.Debug|Any CPU.Build.0 = Debug|Any CPU
		{A1FD8BB3-9562-4945-9547-0BBB27A6957F}.Release|Any CPU.ActiveCfg = Release|Any CPU
		{A1FD8BB3-9562-4945-9547-0BBB27A6957F}.Release|Any CPU.Build.0 = Release|Any CPU
		{DFF78CF3-C1A6-40D7-B24A-7861F67A63B3}.Debug|Any CPU.ActiveCfg = Debug|Any CPU
		{DFF78CF3-C1A6-40D7-B24A-7861F67A63B3}.Debug|Any CPU.Build.0 = Debug|Any CPU
		{DFF78CF3-C1A6-40D7-B24A-7861F67A63B3}.Release|Any CPU.ActiveCfg = Release|Any CPU
		{DFF78CF3-C1A6-40D7-B24A-7861F67A63B3}.Release|Any CPU.Build.0 = Release|Any CPU
		{E67DD252-7D8E-41C4-9E59-00FA193E34F6}.Debug|Any CPU.ActiveCfg = Debug|Any CPU
		{E67DD252-7D8E-41C4-9E59-00FA193E34F6}.Debug|Any CPU.Build.0 = Debug|Any CPU
		{E67DD252-7D8E-41C4-9E59-00FA193E34F6}.Release|Any CPU.ActiveCfg = Release|Any CPU
		{E67DD252-7D8E-41C4-9E59-00FA193E34F6}.Release|Any CPU.Build.0 = Release|Any CPU
		{7E7D47E9-CCD0-49DC-AEF1-4124B6C6C530}.Debug|Any CPU.ActiveCfg = Debug|Any CPU
		{7E7D47E9-CCD0-49DC-AEF1-4124B6C6C530}.Debug|Any CPU.Build.0 = Debug|Any CPU
		{7E7D47E9-CCD0-49DC-AEF1-4124B6C6C530}.Release|Any CPU.ActiveCfg = Release|Any CPU
		{7E7D47E9-CCD0-49DC-AEF1-4124B6C6C530}.Release|Any CPU.Build.0 = Release|Any CPU
		{87718521-311C-43EA-804A-10FD889D5157}.Debug|Any CPU.ActiveCfg = Debug|Any CPU
		{87718521-311C-43EA-804A-10FD889D5157}.Debug|Any CPU.Build.0 = Debug|Any CPU
		{87718521-311C-43EA-804A-10FD889D5157}.Release|Any CPU.ActiveCfg = Release|Any CPU
		{87718521-311C-43EA-804A-10FD889D5157}.Release|Any CPU.Build.0 = Release|Any CPU
		{6ED2C21B-3AE2-4563-AAFB-2DC38CA29523}.Debug|Any CPU.ActiveCfg = Debug|Any CPU
		{6ED2C21B-3AE2-4563-AAFB-2DC38CA29523}.Debug|Any CPU.Build.0 = Debug|Any CPU
		{6ED2C21B-3AE2-4563-AAFB-2DC38CA29523}.Release|Any CPU.ActiveCfg = Release|Any CPU
		{6ED2C21B-3AE2-4563-AAFB-2DC38CA29523}.Release|Any CPU.Build.0 = Release|Any CPU
	EndGlobalSection
	GlobalSection(SolutionProperties) = preSolution
		HideSolutionNode = FALSE
	EndGlobalSection
	GlobalSection(NestedProjects) = preSolution
		{8F2820C4-E9DC-446F-8D7A-BAE13ACF798E} = {CBC35FC3-A776-49AD-947B-BD59EDCE4685}
		{91515705-AA4C-4EA1-A94B-C9B214F0DBB9} = {CBC35FC3-A776-49AD-947B-BD59EDCE4685}
		{E1566064-6812-46E2-A42A-7092D50694BF} = {CBC35FC3-A776-49AD-947B-BD59EDCE4685}
		{0DF9AA27-9C11-44C7-BC52-4A689301E341} = {C673D051-BE51-40C3-8182-6CEC80A83B34}
		{A1FD8BB3-9562-4945-9547-0BBB27A6957F} = {C673D051-BE51-40C3-8182-6CEC80A83B34}
		{DFF78CF3-C1A6-40D7-B24A-7861F67A63B3} = {CBC35FC3-A776-49AD-947B-BD59EDCE4685}
		{E67DD252-7D8E-41C4-9E59-00FA193E34F6} = {CBC35FC3-A776-49AD-947B-BD59EDCE4685}
		{7E7D47E9-CCD0-49DC-AEF1-4124B6C6C530} = {C673D051-BE51-40C3-8182-6CEC80A83B34}
		{D5E7BA19-C175-467E-84AF-AF6027461DBE} = {CBC35FC3-A776-49AD-947B-BD59EDCE4685}
		{87718521-311C-43EA-804A-10FD889D5157} = {CBC35FC3-A776-49AD-947B-BD59EDCE4685}
		{6ED2C21B-3AE2-4563-AAFB-2DC38CA29523} = {D5E7BA19-C175-467E-84AF-AF6027461DBE}
	EndGlobalSection
	GlobalSection(ExtensibilityGlobals) = postSolution
		SolutionGuid = {BB29703D-C791-4069-9578-E9A225D1F2DD}
	EndGlobalSection
EndGlobal
